
Microsoft Visual Studio Solution File, Format Version 12.00
# Visual Studio Version 16
VisualStudioVersion = 16.0.29709.97
MinimumVisualStudioVersion = 10.0.40219.1
Project("{9A19103F-16F7-4668-BE54-9A1E7A4F7556}") = "Basics", "Basics\Basics.csproj", "{5F4E2C06-BF6E-4E0A-8D69-B2FAA9C7A425}"
EndProject
Project("{9A19103F-16F7-4668-BE54-9A1E7A4F7556}") = "IdentityExample", "IdentityExample\IdentityExample.csproj", "{1739691C-B57F-46F0-B35C-AB2306ECD266}"
EndProject
Project("{2150E333-8FDC-42A3-9474-1A3956D46DE8}") = "basic", "basic", "{968DC98C-1B29-43D0-83D1-5CE9DA7888A2}"
EndProject
Project("{2150E333-8FDC-42A3-9474-1A3956D46DE8}") = "oauth", "oauth", "{84D7D674-29D1-46F2-8272-DB2426C95311}"
EndProject
Project("{9A19103F-16F7-4668-BE54-9A1E7A4F7556}") = "Server", "Server\Server.csproj", "{D93EEBFE-7F6D-4777-83A1-A9EBCB4B4F26}"
EndProject
Project("{9A19103F-16F7-4668-BE54-9A1E7A4F7556}") = "Client", "Client\Client.csproj", "{71D73C42-F1BA-498F-9BAD-0103D2C669B4}"
EndProject
Project("{2150E333-8FDC-42A3-9474-1A3956D46DE8}") = "kudvenkat", "kudvenkat", "{686CD179-F1F5-4F55-86CB-F042086E9F9B}"
EndProject
Project("{FAE04EC0-301F-11D3-BF4B-00C04F79EFBC}") = "MeloManager", "MeloManager\MeloManager.csproj", "{668D4AA9-E4B9-40CD-B2D9-5B2BE93E0CA9}"
EndProject
Global
	GlobalSection(SolutionConfigurationPlatforms) = preSolution
		Debug|Any CPU = Debug|Any CPU
		Release|Any CPU = Release|Any CPU
	EndGlobalSection
	GlobalSection(ProjectConfigurationPlatforms) = postSolution
		{5F4E2C06-BF6E-4E0A-8D69-B2FAA9C7A425}.Debug|Any CPU.ActiveCfg = Debug|Any CPU
		{5F4E2C06-BF6E-4E0A-8D69-B2FAA9C7A425}.Debug|Any CPU.Build.0 = Debug|Any CPU
		{5F4E2C06-BF6E-4E0A-8D69-B2FAA9C7A425}.Release|Any CPU.ActiveCfg = Release|Any CPU
		{5F4E2C06-BF6E-4E0A-8D69-B2FAA9C7A425}.Release|Any CPU.Build.0 = Release|Any CPU
		{1739691C-B57F-46F0-B35C-AB2306ECD266}.Debug|Any CPU.ActiveCfg = Debug|Any CPU
		{1739691C-B57F-46F0-B35C-AB2306ECD266}.Debug|Any CPU.Build.0 = Debug|Any CPU
		{1739691C-B57F-46F0-B35C-AB2306ECD266}.Release|Any CPU.ActiveCfg = Release|Any CPU
		{1739691C-B57F-46F0-B35C-AB2306ECD266}.Release|Any CPU.Build.0 = Release|Any CPU
		{D93EEBFE-7F6D-4777-83A1-A9EBCB4B4F26}.Debug|Any CPU.ActiveCfg = Debug|Any CPU
		{D93EEBFE-7F6D-4777-83A1-A9EBCB4B4F26}.Debug|Any CPU.Build.0 = Debug|Any CPU
		{D93EEBFE-7F6D-4777-83A1-A9EBCB4B4F26}.Release|Any CPU.ActiveCfg = Release|Any CPU
		{D93EEBFE-7F6D-4777-83A1-A9EBCB4B4F26}.Release|Any CPU.Build.0 = Release|Any CPU
		{71D73C42-F1BA-498F-9BAD-0103D2C669B4}.Debug|Any CPU.ActiveCfg = Debug|Any CPU
		{71D73C42-F1BA-498F-9BAD-0103D2C669B4}.Debug|Any CPU.Build.0 = Debug|Any CPU
		{71D73C42-F1BA-498F-9BAD-0103D2C669B4}.Release|Any CPU.ActiveCfg = Release|Any CPU
		{71D73C42-F1BA-498F-9BAD-0103D2C669B4}.Release|Any CPU.Build.0 = Release|Any CPU
		{668D4AA9-E4B9-40CD-B2D9-5B2BE93E0CA9}.Debug|Any CPU.ActiveCfg = Debug|Any CPU
		{668D4AA9-E4B9-40CD-B2D9-5B2BE93E0CA9}.Debug|Any CPU.Build.0 = Debug|Any CPU
		{668D4AA9-E4B9-40CD-B2D9-5B2BE93E0CA9}.Release|Any CPU.ActiveCfg = Release|Any CPU
		{668D4AA9-E4B9-40CD-B2D9-5B2BE93E0CA9}.Release|Any CPU.Build.0 = Release|Any CPU
	EndGlobalSection
	GlobalSection(SolutionProperties) = preSolution
		HideSolutionNode = FALSE
	EndGlobalSection
	GlobalSection(NestedProjects) = preSolution
		{5F4E2C06-BF6E-4E0A-8D69-B2FAA9C7A425} = {968DC98C-1B29-43D0-83D1-5CE9DA7888A2}
		{1739691C-B57F-46F0-B35C-AB2306ECD266} = {968DC98C-1B29-43D0-83D1-5CE9DA7888A2}
		{D93EEBFE-7F6D-4777-83A1-A9EBCB4B4F26} = {84D7D674-29D1-46F2-8272-DB2426C95311}
		{71D73C42-F1BA-498F-9BAD-0103D2C669B4} = {84D7D674-29D1-46F2-8272-DB2426C95311}
		{668D4AA9-E4B9-40CD-B2D9-5B2BE93E0CA9} = {686CD179-F1F5-4F55-86CB-F042086E9F9B}
	EndGlobalSection
	GlobalSection(ExtensibilityGlobals) = postSolution
		SolutionGuid = {6C52780A-2741-4377-ADBE-C0392027089A}
	EndGlobalSection
EndGlobal
